
Microsoft Visual Studio Solution File, Format Version 12.00
Project("{FAE04EC0-301F-11D3-BF4B-00C04F79EFBC}") = "RiderEslint", "RiderEslint.csproj", "{77DC0317-4D1C-4A08-AB80-E31B831D58E5}"
EndProject
Global
	GlobalSection(SolutionConfigurationPlatforms) = preSolution
		Debug|Any CPU = Debug|Any CPU
		Release|Any CPU = Release|Any CPU
	EndGlobalSection
	GlobalSection(ProjectConfigurationPlatforms) = postSolution
		{77DC0317-4D1C-4A08-AB80-E31B831D58E5}.Debug|Any CPU.ActiveCfg = Debug|Any CPU
		{77DC0317-4D1C-4A08-AB80-E31B831D58E5}.Debug|Any CPU.Build.0 = Debug|Any CPU
		{77DC0317-4D1C-4A08-AB80-E31B831D58E5}.Release|Any CPU.ActiveCfg = Release|Any CPU
		{77DC0317-4D1C-4A08-AB80-E31B831D58E5}.Release|Any CPU.Build.0 = Release|Any CPU
	EndGlobalSection
EndGlobal
